{
  "name": "meme-generator",
  "lockfileVersion": 3,
  "requires": true,
  "packages": {
    "": {
      "dependencies": {
        "@fontsource-variable/exo-2": "^5.0.17",
        "@fontsource-variable/fira-code": "^5.0.16",
        "@fontsource/nanum-pen-script": "^5.0.11",
        "dom-to-image": "^2.6.0",
        "file-saver": "^2.0.5"
      }
    },
    "node_modules/@fontsource-variable/exo-2": {
      "version": "5.0.17",
      "resolved": "https://registry.npmjs.org/@fontsource-variable/exo-2/-/exo-2-5.0.17.tgz",
      "integrity": "sha512-yZC/+mAWxNbmKGppvUXTS24l8lZGYVikyHZlARDL7xjdjfQX/SIbBs8Jt4/nb3ghuG2an9GAC6p5f5doZloVEA=="
    },
    "node_modules/@fontsource-variable/fira-code": {
      "version": "5.0.16",
      "resolved": "https://registry.npmjs.org/@fontsource-variable/fira-code/-/fira-code-5.0.16.tgz",
      "integrity": "sha512-XcBZxdY8yEZ+lB314w6upoHKDWJuVWJUwTHxKeQo952MtV9Cf4mZkQ2z0FeHQ3n6h23pAjmq3FgK+k83/OzHLg=="
    },
    "node_modules/@fontsource/nanum-pen-script": {
      "version": "5.0.11",
      "resolved": "https://registry.npmjs.org/@fontsource/nanum-pen-script/-/nanum-pen-script-5.0.11.tgz",
      "integrity": "sha512-eBkgMhuA2v2XeVuIDLl4ohPT5p/nkhEVRoqAcT3hoC/RIYE8hB26AfWkH/0bse89H1PN/vGhk1IqHr+lIITkpQ=="
    },
    "node_modules/dom-to-image": {
      "version": "2.6.0",
      "resolved": "https://registry.npmjs.org/dom-to-image/-/dom-to-image-2.6.0.tgz",
      "integrity": "sha512-Dt0QdaHmLpjURjU7Tnu3AgYSF2LuOmksSGsUcE6ItvJoCWTBEmiMXcqBdNSAm9+QbbwD7JMoVsuuKX6ZVQv1qA=="
    },
    "node_modules/file-saver": {
      "version": "2.0.5",
      "resolved": "https://registry.npmjs.org/file-saver/-/file-saver-2.0.5.tgz",
      "integrity": "sha512-P9bmyZ3h/PRG+Nzga+rbdI4OEpNDzAVyy74uVO9ATgzLK6VtAsYybF/+TOCvrc0MO793d6+42lLyZTw7/ArVzA=="
    }
  }
}
